// !$*UTF8*$!
{
	archiveVersion = 1;
	classes = {
	};
	objectVersion = 56;
	objects = {

/* Begin PBXBuildFile section */
		D94185672A5251E8001CAEC1 /* StorytellerApp.swift in Sources */ = {isa = PBXBuildFile; fileRef = D94185662A5251E8001CAEC1 /* StorytellerApp.swift */; };
		D94185692A5251E8001CAEC1 /* ContentView.swift in Sources */ = {isa = PBXBuildFile; fileRef = D94185682A5251E8001CAEC1 /* ContentView.swift */; };
		D941856B2A5251E9001CAEC1 /* Assets.xcassets in Resources */ = {isa = PBXBuildFile; fileRef = D941856A2A5251E9001CAEC1 /* Assets.xcassets */; };
		D941856E2A5251E9001CAEC1 /* Preview Assets.xcassets in Resources */ = {isa = PBXBuildFile; fileRef = D941856D2A5251E9001CAEC1 /* Preview Assets.xcassets */; };
		D94185732A5251E9001CAEC1 /* Storyteller.xcdatamodeld in Sources */ = {isa = PBXBuildFile; fileRef = D94185712A5251E9001CAEC1 /* Storyteller.xcdatamodeld */; };
		D941857A2A527B59001CAEC1 /* TestView.swift in Sources */ = {isa = PBXBuildFile; fileRef = D94185792A527B59001CAEC1 /* TestView.swift */; };
		D9E0AA642A52901E00841B0F /* SpeechRecognizer.swift in Sources */ = {isa = PBXBuildFile; fileRef = D9E0AA632A52901E00841B0F /* SpeechRecognizer.swift */; };
		D9E0AA672A561F2D00841B0F /* OpenAISwift in Frameworks */ = {isa = PBXBuildFile; productRef = D9E0AA662A561F2D00841B0F /* OpenAISwift */; };
		D9E0AA692A561F9400841B0F /* SensitiveInformation.swift in Sources */ = {isa = PBXBuildFile; fileRef = D9E0AA682A561F9400841B0F /* SensitiveInformation.swift */; };
		D9E0AA6B2A56283D00841B0F /* APICaller.swift in Sources */ = {isa = PBXBuildFile; fileRef = D9E0AA6A2A56283D00841B0F /* APICaller.swift */; };
/* End PBXBuildFile section */

/* Begin PBXFileReference section */
		D94185632A5251E8001CAEC1 /* Storyteller.app */ = {isa = PBXFileReference; explicitFileType = wrapper.application; includeInIndex = 0; path = Storyteller.app; sourceTree = BUILT_PRODUCTS_DIR; };
		D94185662A5251E8001CAEC1 /* StorytellerApp.swift */ = {isa = PBXFileReference; lastKnownFileType = sourcecode.swift; path = StorytellerApp.swift; sourceTree = "<group>"; };
		D94185682A5251E8001CAEC1 /* ContentView.swift */ = {isa = PBXFileReference; lastKnownFileType = sourcecode.swift; path = ContentView.swift; sourceTree = "<group>"; };
		D941856A2A5251E9001CAEC1 /* Assets.xcassets */ = {isa = PBXFileReference; lastKnownFileType = folder.assetcatalog; path = Assets.xcassets; sourceTree = "<group>"; };
		D941856D2A5251E9001CAEC1 /* Preview Assets.xcassets */ = {isa = PBXFileReference; lastKnownFileType = folder.assetcatalog; path = "Preview Assets.xcassets"; sourceTree = "<group>"; };
		D94185722A5251E9001CAEC1 /* Storyteller.xcdatamodel */ = {isa = PBXFileReference; lastKnownFileType = wrapper.xcdatamodel; path = Storyteller.xcdatamodel; sourceTree = "<group>"; };
		D94185792A527B59001CAEC1 /* TestView.swift */ = {isa = PBXFileReference; lastKnownFileType = sourcecode.swift; path = TestView.swift; sourceTree = "<group>"; };
		D9E0AA632A52901E00841B0F /* SpeechRecognizer.swift */ = {isa = PBXFileReference; lastKnownFileType = sourcecode.swift; path = SpeechRecognizer.swift; sourceTree = "<group>"; };
		D9E0AA682A561F9400841B0F /* SensitiveInformation.swift */ = {isa = PBXFileReference; lastKnownFileType = sourcecode.swift; path = SensitiveInformation.swift; sourceTree = "<group>"; };
		D9E0AA6A2A56283D00841B0F /* APICaller.swift */ = {isa = PBXFileReference; lastKnownFileType = sourcecode.swift; path = APICaller.swift; sourceTree = "<group>"; };
/* End PBXFileReference section */

/* Begin PBXFrameworksBuildPhase section */
		D94185602A5251E8001CAEC1 /* Frameworks */ = {
			isa = PBXFrameworksBuildPhase;
			buildActionMask = 2147483647;
			files = (
				D9E0AA672A561F2D00841B0F /* OpenAISwift in Frameworks */,
			);
			runOnlyForDeploymentPostprocessing = 0;
		};
/* End PBXFrameworksBuildPhase section */

/* Begin PBXGroup section */
		D941855A2A5251E8001CAEC1 = {
			isa = PBXGroup;
			children = (
				D94185652A5251E8001CAEC1 /* Storyteller */,
				D94185642A5251E8001CAEC1 /* Products */,
			);
			sourceTree = "<group>";
		};
		D94185642A5251E8001CAEC1 /* Products */ = {
			isa = PBXGroup;
			children = (
				D94185632A5251E8001CAEC1 /* Storyteller.app */,
			);
			name = Products;
			sourceTree = "<group>";
		};
		D94185652A5251E8001CAEC1 /* Storyteller */ = {
			isa = PBXGroup;
			children = (
				D941857D2A527C7C001CAEC1 /* Models */,
				D941857C2A527C6F001CAEC1 /* Utilities */,
				D941857B2A527C59001CAEC1 /* Views */,
				D94185662A5251E8001CAEC1 /* StorytellerApp.swift */,
				D94185682A5251E8001CAEC1 /* ContentView.swift */,
				D94185792A527B59001CAEC1 /* TestView.swift */,
				D9E0AA6A2A56283D00841B0F /* APICaller.swift */,
				D941856A2A5251E9001CAEC1 /* Assets.xcassets */,
				D94185712A5251E9001CAEC1 /* Storyteller.xcdatamodeld */,
				D941856C2A5251E9001CAEC1 /* Preview Content */,
			);
			path = Storyteller;
			sourceTree = "<group>";
		};
		D941856C2A5251E9001CAEC1 /* Preview Content */ = {
			isa = PBXGroup;
			children = (
				D941856D2A5251E9001CAEC1 /* Preview Assets.xcassets */,
			);
			path = "Preview Content";
			sourceTree = "<group>";
		};
		D941857B2A527C59001CAEC1 /* Views */ = {
			isa = PBXGroup;
			children = (
			);
			path = Views;
			sourceTree = "<group>";
		};
		D941857C2A527C6F001CAEC1 /* Utilities */ = {
			isa = PBXGroup;
			children = (
				D9E0AA632A52901E00841B0F /* SpeechRecognizer.swift */,
				D9E0AA682A561F9400841B0F /* SensitiveInformation.swift */,
			);
			path = Utilities;
			sourceTree = "<group>";
		};
		D941857D2A527C7C001CAEC1 /* Models */ = {
			isa = PBXGroup;
			children = (
			);
			path = Models;
			sourceTree = "<group>";
		};
/* End PBXGroup section */

/* Begin PBXNativeTarget section */
		D94185622A5251E8001CAEC1 /* Storyteller */ = {
			isa = PBXNativeTarget;
			buildConfigurationList = D94185762A5251E9001CAEC1 /* Build configuration list for PBXNativeTarget "Storyteller" */;
			buildPhases = (
				D941855F2A5251E8001CAEC1 /* Sources */,
				D94185602A5251E8001CAEC1 /* Frameworks */,
				D94185612A5251E8001CAEC1 /* Resources */,
			);
			buildRules = (
			);
			dependencies = (
			);
			name = Storyteller;
			packageProductDependencies = (
				D9E0AA662A561F2D00841B0F /* OpenAISwift */,
			);
			productName = Storyteller;
			productReference = D94185632A5251E8001CAEC1 /* Storyteller.app */;
			productType = "com.apple.product-type.application";
		};
/* End PBXNativeTarget section */

/* Begin PBXProject section */
		D941855B2A5251E8001CAEC1 /* Project object */ = {
			isa = PBXProject;
			attributes = {
				BuildIndependentTargetsInParallel = 1;
				LastSwiftUpdateCheck = 1430;
				LastUpgradeCheck = 1430;
				TargetAttributes = {
					D94185622A5251E8001CAEC1 = {
						CreatedOnToolsVersion = 14.3.1;
					};
				};
			};
			buildConfigurationList = D941855E2A5251E8001CAEC1 /* Build configuration list for PBXProject "Storyteller" */;
			compatibilityVersion = "Xcode 14.0";
			developmentRegion = en;
			hasScannedForEncodings = 0;
			knownRegions = (
				en,
				Base,
			);
			mainGroup = D941855A2A5251E8001CAEC1;
			packageReferences = (
				D9E0AA652A561F2D00841B0F /* XCRemoteSwiftPackageReference "OpenAISwift" */,
			);
			productRefGroup = D94185642A5251E8001CAEC1 /* Products */;
			projectDirPath = "";
			projectRoot = "";
			targets = (
				D94185622A5251E8001CAEC1 /* Storyteller */,
			);
		};
/* End PBXProject section */

/* Begin PBXResourcesBuildPhase section */
		D94185612A5251E8001CAEC1 /* Resources */ = {
			isa = PBXResourcesBuildPhase;
			buildActionMask = 2147483647;
			files = (
				D941856E2A5251E9001CAEC1 /* Preview Assets.xcassets in Resources */,
				D941856B2A5251E9001CAEC1 /* Assets.xcassets in Resources */,
			);
			runOnlyForDeploymentPostprocessing = 0;
		};
/* End PBXResourcesBuildPhase section */

/* Begin PBXSourcesBuildPhase section */
		D941855F2A5251E8001CAEC1 /* Sources */ = {
			isa = PBXSourcesBuildPhase;
			buildActionMask = 2147483647;
			files = (
				D9E0AA642A52901E00841B0F /* SpeechRecognizer.swift in Sources */,
				D941857A2A527B59001CAEC1 /* TestView.swift in Sources */,
				D94185732A5251E9001CAEC1 /* Storyteller.xcdatamodeld in Sources */,
				D9E0AA6B2A56283D00841B0F /* APICaller.swift in Sources */,
				D94185692A5251E8001CAEC1 /* ContentView.swift in Sources */,
				D94185672A5251E8001CAEC1 /* StorytellerApp.swift in Sources */,
				D9E0AA692A561F9400841B0F /* SensitiveInformation.swift in Sources */,
			);
			runOnlyForDeploymentPostprocessing = 0;
		};
/* End PBXSourcesBuildPhase section */

/* Begin XCBuildConfiguration section */
		D94185742A5251E9001CAEC1 /* Debug */ = {
			isa = XCBuildConfiguration;
			buildSettings = {
				ALWAYS_SEARCH_USER_PATHS = NO;
				CLANG_ANALYZER_NONNULL = YES;
				CLANG_ANALYZER_NUMBER_OBJECT_CONVERSION = YES_AGGRESSIVE;
				CLANG_CXX_LANGUAGE_STANDARD = "gnu++20";
				CLANG_ENABLE_MODULES = YES;
				CLANG_ENABLE_OBJC_ARC = YES;
				CLANG_ENABLE_OBJC_WEAK = YES;
				CLANG_WARN_BLOCK_CAPTURE_AUTORELEASING = YES;
				CLANG_WARN_BOOL_CONVERSION = YES;
				CLANG_WARN_COMMA = YES;
				CLANG_WARN_CONSTANT_CONVERSION = YES;
				CLANG_WARN_DEPRECATED_OBJC_IMPLEMENTATIONS = YES;
				CLANG_WARN_DIRECT_OBJC_ISA_USAGE = YES_ERROR;
				CLANG_WARN_DOCUMENTATION_COMMENTS = YES;
				CLANG_WARN_EMPTY_BODY = YES;
				CLANG_WARN_ENUM_CONVERSION = YES;
				CLANG_WARN_INFINITE_RECURSION = YES;
				CLANG_WARN_INT_CONVERSION = YES;
				CLANG_WARN_NON_LITERAL_NULL_CONVERSION = YES;
				CLANG_WARN_OBJC_IMPLICIT_RETAIN_SELF = YES;
				CLANG_WARN_OBJC_LITERAL_CONVERSION = YES;
				CLANG_WARN_OBJC_ROOT_CLASS = YES_ERROR;
				CLANG_WARN_QUOTED_INCLUDE_IN_FRAMEWORK_HEADER = YES;
				CLANG_WARN_RANGE_LOOP_ANALYSIS = YES;
				CLANG_WARN_STRICT_PROTOTYPES = YES;
				CLANG_WARN_SUSPICIOUS_MOVE = YES;
				CLANG_WARN_UNGUARDED_AVAILABILITY = YES_AGGRESSIVE;
				CLANG_WARN_UNREACHABLE_CODE = YES;
				CLANG_WARN__DUPLICATE_METHOD_MATCH = YES;
				COPY_PHASE_STRIP = NO;
				DEBUG_INFORMATION_FORMAT = dwarf;
				ENABLE_STRICT_OBJC_MSGSEND = YES;
				ENABLE_TESTABILITY = YES;
				GCC_C_LANGUAGE_STANDARD = gnu11;
				GCC_DYNAMIC_NO_PIC = NO;
				GCC_NO_COMMON_BLOCKS = YES;
				GCC_OPTIMIZATION_LEVEL = 0;
				GCC_PREPROCESSOR_DEFINITIONS = (
					"DEBUG=1",
					"$(inherited)",
				);
				GCC_WARN_64_TO_32_BIT_CONVERSION = YES;
				GCC_WARN_ABOUT_RETURN_TYPE = YES_ERROR;
				GCC_WARN_UNDECLARED_SELECTOR = YES;
				GCC_WARN_UNINITIALIZED_AUTOS = YES_AGGRESSIVE;
				GCC_WARN_UNUSED_FUNCTION = YES;
				GCC_WARN_UNUSED_VARIABLE = YES;
				IPHONEOS_DEPLOYMENT_TARGET = 16.4;
				MTL_ENABLE_DEBUG_INFO = INCLUDE_SOURCE;
				MTL_FAST_MATH = YES;
				ONLY_ACTIVE_ARCH = YES;
				SDKROOT = iphoneos;
				SWIFT_ACTIVE_COMPILATION_CONDITIONS = DEBUG;
				SWIFT_OPTIMIZATION_LEVEL = "-Onone";
			};
			name = Debug;
		};
		D94185752A5251E9001CAEC1 /* Release */ = {
			isa = XCBuildConfiguration;
			buildSettings = {
				ALWAYS_SEARCH_USER_PATHS = NO;
				CLANG_ANALYZER_NONNULL = YES;
				CLANG_ANALYZER_NUMBER_OBJECT_CONVERSION = YES_AGGRESSIVE;
				CLANG_CXX_LANGUAGE_STANDARD = "gnu++20";
				CLANG_ENABLE_MODULES = YES;
				CLANG_ENABLE_OBJC_ARC = YES;
				CLANG_ENABLE_OBJC_WEAK = YES;
				CLANG_WARN_BLOCK_CAPTURE_AUTORELEASING = YES;
				CLANG_WARN_BOOL_CONVERSION = YES;
				CLANG_WARN_COMMA = YES;
				CLANG_WARN_CONSTANT_CONVERSION = YES;
				CLANG_WARN_DEPRECATED_OBJC_IMPLEMENTATIONS = YES;
				CLANG_WARN_DIRECT_OBJC_ISA_USAGE = YES_ERROR;
				CLANG_WARN_DOCUMENTATION_COMMENTS = YES;
				CLANG_WARN_EMPTY_BODY = YES;
				CLANG_WARN_ENUM_CONVERSION = YES;
				CLANG_WARN_INFINITE_RECURSION = YES;
				CLANG_WARN_INT_CONVERSION = YES;
				CLANG_WARN_NON_LITERAL_NULL_CONVERSION = YES;
				CLANG_WARN_OBJC_IMPLICIT_RETAIN_SELF = YES;
				CLANG_WARN_OBJC_LITERAL_CONVERSION = YES;
				CLANG_WARN_OBJC_ROOT_CLASS = YES_ERROR;
				CLANG_WARN_QUOTED_INCLUDE_IN_FRAMEWORK_HEADER = YES;
				CLANG_WARN_RANGE_LOOP_ANALYSIS = YES;
				CLANG_WARN_STRICT_PROTOTYPES = YES;
				CLANG_WARN_SUSPICIOUS_MOVE = YES;
				CLANG_WARN_UNGUARDED_AVAILABILITY = YES_AGGRESSIVE;
				CLANG_WARN_UNREACHABLE_CODE = YES;
				CLANG_WARN__DUPLICATE_METHOD_MATCH = YES;
				COPY_PHASE_STRIP = NO;
				DEBUG_INFORMATION_FORMAT = "dwarf-with-dsym";
				ENABLE_NS_ASSERTIONS = NO;
				ENABLE_STRICT_OBJC_MSGSEND = YES;
				GCC_C_LANGUAGE_STANDARD = gnu11;
				GCC_NO_COMMON_BLOCKS = YES;
				GCC_WARN_64_TO_32_BIT_CONVERSION = YES;
				GCC_WARN_ABOUT_RETURN_TYPE = YES_ERROR;
				GCC_WARN_UNDECLARED_SELECTOR = YES;
				GCC_WARN_UNINITIALIZED_AUTOS = YES_AGGRESSIVE;
				GCC_WARN_UNUSED_FUNCTION = YES;
				GCC_WARN_UNUSED_VARIABLE = YES;
				IPHONEOS_DEPLOYMENT_TARGET = 16.4;
				MTL_ENABLE_DEBUG_INFO = NO;
				MTL_FAST_MATH = YES;
				SDKROOT = iphoneos;
				SWIFT_COMPILATION_MODE = wholemodule;
				SWIFT_OPTIMIZATION_LEVEL = "-O";
				VALIDATE_PRODUCT = YES;
			};
			name = Release;
		};
		D94185772A5251E9001CAEC1 /* Debug */ = {
			isa = XCBuildConfiguration;
			buildSettings = {
				ASSETCATALOG_COMPILER_APPICON_NAME = AppIcon;
				ASSETCATALOG_COMPILER_GLOBAL_ACCENT_COLOR_NAME = AccentColor;
				CODE_SIGN_STYLE = Automatic;
				CURRENT_PROJECT_VERSION = 1;
				DEVELOPMENT_ASSET_PATHS = "\"Storyteller/Preview Content\"";
				DEVELOPMENT_TEAM = 8M3UMY95RV;
				ENABLE_PREVIEWS = YES;
				GENERATE_INFOPLIST_FILE = YES;
				INFOPLIST_KEY_NSMicrophoneUsageDescription = "\"Audio is recorded to transcribe the meeting. Audio recordings are discarded after transcription.\"";
				INFOPLIST_KEY_NSSpeechRecognitionUsageDescription = "\"You can view a text transcription of your meeting in the app\"";
				INFOPLIST_KEY_UIApplicationSceneManifest_Generation = YES;
				INFOPLIST_KEY_UIApplicationSupportsIndirectInputEvents = YES;
				INFOPLIST_KEY_UILaunchScreen_Generation = YES;
				INFOPLIST_KEY_UISupportedInterfaceOrientations_iPad = "UIInterfaceOrientationPortrait UIInterfaceOrientationPortraitUpsideDown UIInterfaceOrientationLandscapeLeft UIInterfaceOrientationLandscapeRight";
				INFOPLIST_KEY_UISupportedInterfaceOrientations_iPhone = "UIInterfaceOrientationPortrait UIInterfaceOrientationLandscapeLeft UIInterfaceOrientationLandscapeRight";
				LD_RUNPATH_SEARCH_PATHS = (
					"$(inherited)",
					"@executable_path/Frameworks",
				);
				MARKETING_VERSION = 1.0;
				PRODUCT_BUNDLE_IDENTIFIER = com.sasharobinson.Storyteller;
				PRODUCT_NAME = "$(TARGET_NAME)";
				SWIFT_EMIT_LOC_STRINGS = YES;
				SWIFT_VERSION = 5.0;
				TARGETED_DEVICE_FAMILY = "1,2";
			};
			name = Debug;
		};
		D94185782A5251E9001CAEC1 /* Release */ = {
			isa = XCBuildConfiguration;
			buildSettings = {
				ASSETCATALOG_COMPILER_APPICON_NAME = AppIcon;
				ASSETCATALOG_COMPILER_GLOBAL_ACCENT_COLOR_NAME = AccentColor;
				CODE_SIGN_STYLE = Automatic;
				CURRENT_PROJECT_VERSION = 1;
				DEVELOPMENT_ASSET_PATHS = "\"Storyteller/Preview Content\"";
				DEVELOPMENT_TEAM = 8M3UMY95RV;
				ENABLE_PREVIEWS = YES;
				GENERATE_INFOPLIST_FILE = YES;
				INFOPLIST_KEY_NSMicrophoneUsageDescription = "\"Audio is recorded to transcribe the meeting. Audio recordings are discarded after transcription.\"";
				INFOPLIST_KEY_NSSpeechRecognitionUsageDescription = "\"You can view a text transcription of your meeting in the app\"";
				INFOPLIST_KEY_UIApplicationSceneManifest_Generation = YES;
				INFOPLIST_KEY_UIApplicationSupportsIndirectInputEvents = YES;
				INFOPLIST_KEY_UILaunchScreen_Generation = YES;
				INFOPLIST_KEY_UISupportedInterfaceOrientations_iPad = "UIInterfaceOrientationPortrait UIInterfaceOrientationPortraitUpsideDown UIInterfaceOrientationLandscapeLeft UIInterfaceOrientationLandscapeRight";
				INFOPLIST_KEY_UISupportedInterfaceOrientations_iPhone = "UIInterfaceOrientationPortrait UIInterfaceOrientationLandscapeLeft UIInterfaceOrientationLandscapeRight";
				LD_RUNPATH_SEARCH_PATHS = (
					"$(inherited)",
					"@executable_path/Frameworks",
				);
				MARKETING_VERSION = 1.0;
				PRODUCT_BUNDLE_IDENTIFIER = com.sasharobinson.Storyteller;
				PRODUCT_NAME = "$(TARGET_NAME)";
				SWIFT_EMIT_LOC_STRINGS = YES;
				SWIFT_VERSION = 5.0;
				TARGETED_DEVICE_FAMILY = "1,2";
			};
			name = Release;
		};
/* End XCBuildConfiguration section */

/* Begin XCConfigurationList section */
		D941855E2A5251E8001CAEC1 /* Build configuration list for PBXProject "Storyteller" */ = {
			isa = XCConfigurationList;
			buildConfigurations = (
				D94185742A5251E9001CAEC1 /* Debug */,
				D94185752A5251E9001CAEC1 /* Release */,
			);
			defaultConfigurationIsVisible = 0;
			defaultConfigurationName = Release;
		};
		D94185762A5251E9001CAEC1 /* Build configuration list for PBXNativeTarget "Storyteller" */ = {
			isa = XCConfigurationList;
			buildConfigurations = (
				D94185772A5251E9001CAEC1 /* Debug */,
				D94185782A5251E9001CAEC1 /* Release */,
			);
			defaultConfigurationIsVisible = 0;
			defaultConfigurationName = Release;
		};
/* End XCConfigurationList section */

/* Begin XCRemoteSwiftPackageReference section */
		D9E0AA652A561F2D00841B0F /* XCRemoteSwiftPackageReference "OpenAISwift" */ = {
			isa = XCRemoteSwiftPackageReference;
			repositoryURL = "https://github.com/adamrushy/OpenAISwift";
			requirement = {
				kind = upToNextMajorVersion;
				minimumVersion = 1.0.0;
			};
		};
/* End XCRemoteSwiftPackageReference section */

/* Begin XCSwiftPackageProductDependency section */
		D9E0AA662A561F2D00841B0F /* OpenAISwift */ = {
			isa = XCSwiftPackageProductDependency;
			package = D9E0AA652A561F2D00841B0F /* XCRemoteSwiftPackageReference "OpenAISwift" */;
			productName = OpenAISwift;
		};
/* End XCSwiftPackageProductDependency section */

/* Begin XCVersionGroup section */
		D94185712A5251E9001CAEC1 /* Storyteller.xcdatamodeld */ = {
			isa = XCVersionGroup;
			children = (
				D94185722A5251E9001CAEC1 /* Storyteller.xcdatamodel */,
			);
			currentVersion = D94185722A5251E9001CAEC1 /* Storyteller.xcdatamodel */;
			path = Storyteller.xcdatamodeld;
			sourceTree = "<group>";
			versionGroupType = wrapper.xcdatamodel;
		};
/* End XCVersionGroup section */
	};
	rootObject = D941855B2A5251E8001CAEC1 /* Project object */;
}
