// !$*UTF8*$!
{
	archiveVersion = 1;
	classes = {
	};
	objectVersion = 56;
	objects = {

/* Begin PBXBuildFile section */
		D9005A3E2A959F4000D3D45A /* LoadingCircleAnimation.swift in Sources */ = {isa = PBXBuildFile; fileRef = D9005A3D2A959F4000D3D45A /* LoadingCircleAnimation.swift */; };
		D9005A422A968DEF00D3D45A /* CustomTabBarView.swift in Sources */ = {isa = PBXBuildFile; fileRef = D9005A412A968DEF00D3D45A /* CustomTabBarView.swift */; };
		D9005A442A96E8DD00D3D45A /* FlowLayout.swift in Sources */ = {isa = PBXBuildFile; fileRef = D9005A432A96E8DD00D3D45A /* FlowLayout.swift */; };
		D9005A4A2A9948EC00D3D45A /* TutorialView.swift in Sources */ = {isa = PBXBuildFile; fileRef = D9005A492A9948EC00D3D45A /* TutorialView.swift */; };
		D9005A4C2A995C8600D3D45A /* MoonPresentingAnimation.swift in Sources */ = {isa = PBXBuildFile; fileRef = D9005A4B2A995C8600D3D45A /* MoonPresentingAnimation.swift */; };
		D94185672A5251E8001CAEC1 /* StorytellerApp.swift in Sources */ = {isa = PBXBuildFile; fileRef = D94185662A5251E8001CAEC1 /* StorytellerApp.swift */; };
		D941856B2A5251E9001CAEC1 /* Assets.xcassets in Resources */ = {isa = PBXBuildFile; fileRef = D941856A2A5251E9001CAEC1 /* Assets.xcassets */; };
		D941856E2A5251E9001CAEC1 /* Preview Assets.xcassets in Resources */ = {isa = PBXBuildFile; fileRef = D941856D2A5251E9001CAEC1 /* Preview Assets.xcassets */; };
		D94185732A5251E9001CAEC1 /* Storyteller.xcdatamodeld in Sources */ = {isa = PBXBuildFile; fileRef = D94185712A5251E9001CAEC1 /* Storyteller.xcdatamodeld */; };
		D94564AE2A579B2C006C83E2 /* FirstLastNameView.swift in Sources */ = {isa = PBXBuildFile; fileRef = D94564AD2A579B2C006C83E2 /* FirstLastNameView.swift */; };
		D94564B02A579D44006C83E2 /* EmailPasswordView.swift in Sources */ = {isa = PBXBuildFile; fileRef = D94564AF2A579D44006C83E2 /* EmailPasswordView.swift */; };
		D94564B22A57A504006C83E2 /* BirthDateGenderView.swift in Sources */ = {isa = PBXBuildFile; fileRef = D94564B12A57A504006C83E2 /* BirthDateGenderView.swift */; };
		D94564B42A57D96E006C83E2 /* UsernameView.swift in Sources */ = {isa = PBXBuildFile; fileRef = D94564B32A57D96E006C83E2 /* UsernameView.swift */; };
		D94564B62A58E193006C83E2 /* TextFilteringHelper.swift in Sources */ = {isa = PBXBuildFile; fileRef = D94564B52A58E193006C83E2 /* TextFilteringHelper.swift */; };
		D94564B82A58E9A0006C83E2 /* ProfanityFilter.swift in Sources */ = {isa = PBXBuildFile; fileRef = D94564B72A58E9A0006C83E2 /* ProfanityFilter.swift */; };
		D94564BA2A58FF9E006C83E2 /* StoryView.swift in Sources */ = {isa = PBXBuildFile; fileRef = D94564B92A58FF9E006C83E2 /* StoryView.swift */; };
		D94564BE2A5A1209006C83E2 /* User.swift in Sources */ = {isa = PBXBuildFile; fileRef = D94564BD2A5A1209006C83E2 /* User.swift */; };
		D94564C02A5A13AE006C83E2 /* Story.swift in Sources */ = {isa = PBXBuildFile; fileRef = D94564BF2A5A13AE006C83E2 /* Story.swift */; };
		D94564C62A6214B5006C83E2 /* CreateView.swift in Sources */ = {isa = PBXBuildFile; fileRef = D94564C52A6214B5006C83E2 /* CreateView.swift */; };
		D94564C82A6224E1006C83E2 /* SettingsView.swift in Sources */ = {isa = PBXBuildFile; fileRef = D94564C72A6224E1006C83E2 /* SettingsView.swift */; };
		D94564CA2A622C25006C83E2 /* TabBarControllerView.swift in Sources */ = {isa = PBXBuildFile; fileRef = D94564C92A622C25006C83E2 /* TabBarControllerView.swift */; };
		D94564CC2A622D10006C83E2 /* SearchView.swift in Sources */ = {isa = PBXBuildFile; fileRef = D94564CB2A622D10006C83E2 /* SearchView.swift */; };
		D94564CE2A62606E006C83E2 /* SpeakingPulseAnimation.swift in Sources */ = {isa = PBXBuildFile; fileRef = D94564CD2A62606E006C83E2 /* SpeakingPulseAnimation.swift */; };
		D94564D22A634F24006C83E2 /* SpeechUtterance.swift in Sources */ = {isa = PBXBuildFile; fileRef = D94564D12A634F24006C83E2 /* SpeechUtterance.swift */; };
		D94564D42A638F5F006C83E2 /* LocalStorageHelper.swift in Sources */ = {isa = PBXBuildFile; fileRef = D94564D32A638F5F006C83E2 /* LocalStorageHelper.swift */; };
		D94564D62A638FFF006C83E2 /* Constants.swift in Sources */ = {isa = PBXBuildFile; fileRef = D94564D52A638FFF006C83E2 /* Constants.swift */; };
		D94564D82A6A1EB3006C83E2 /* OpenAIHelper.swift in Sources */ = {isa = PBXBuildFile; fileRef = D94564D72A6A1EB3006C83E2 /* OpenAIHelper.swift */; };
		D94564E22A75D46D006C83E2 /* StorytellerListenerHelper.swift in Sources */ = {isa = PBXBuildFile; fileRef = D94564E12A75D46D006C83E2 /* StorytellerListenerHelper.swift */; };
		D94564E42A7F4E1A006C83E2 /* ErrorHelper.swift in Sources */ = {isa = PBXBuildFile; fileRef = D94564E32A7F4E1A006C83E2 /* ErrorHelper.swift */; };
		D94564E62A802380006C83E2 /* ErrorViewModel.swift in Sources */ = {isa = PBXBuildFile; fileRef = D94564E52A802380006C83E2 /* ErrorViewModel.swift */; };
		D94564E82A85A881006C83E2 /* BiographyView.swift in Sources */ = {isa = PBXBuildFile; fileRef = D94564E72A85A881006C83E2 /* BiographyView.swift */; };
		D94564ED2A86E1E3006C83E2 /* StoryTableViewCell.swift in Sources */ = {isa = PBXBuildFile; fileRef = D94564EC2A86E1E3006C83E2 /* StoryTableViewCell.swift */; };
		D94564EF2A871E58006C83E2 /* StoryDetailView.swift in Sources */ = {isa = PBXBuildFile; fileRef = D94564EE2A871E58006C83E2 /* StoryDetailView.swift */; };
		D95EE6912A8D6226009A1CEB /* SplashScreenView.swift in Sources */ = {isa = PBXBuildFile; fileRef = D95EE6902A8D6226009A1CEB /* SplashScreenView.swift */; };
		D95EE6932A8D69C7009A1CEB /* StoryGenreViewCell.swift in Sources */ = {isa = PBXBuildFile; fileRef = D95EE6922A8D69C7009A1CEB /* StoryGenreViewCell.swift */; };
		D960BDA12A9AF30B00A39A72 /* SpeakingStatus.swift in Sources */ = {isa = PBXBuildFile; fileRef = D960BDA02A9AF30B00A39A72 /* SpeakingStatus.swift */; };
		D960BDA32A9EE1E100A39A72 /* CircularProgressView.swift in Sources */ = {isa = PBXBuildFile; fileRef = D960BDA22A9EE1E100A39A72 /* CircularProgressView.swift */; };
		D966433C2A903A3B0020ECE0 /* ImagePicker.swift in Sources */ = {isa = PBXBuildFile; fileRef = D966433B2A903A3B0020ECE0 /* ImagePicker.swift */; };
		D966433E2A918A3C0020ECE0 /* DocumentLoadSize.swift in Sources */ = {isa = PBXBuildFile; fileRef = D966433D2A918A3C0020ECE0 /* DocumentLoadSize.swift */; };
		D96BB4952A57824900765EF5 /* FirebaseAuth in Frameworks */ = {isa = PBXBuildFile; productRef = D96BB4942A57824900765EF5 /* FirebaseAuth */; };
		D96BB4972A57824900765EF5 /* FirebaseFirestore in Frameworks */ = {isa = PBXBuildFile; productRef = D96BB4962A57824900765EF5 /* FirebaseFirestore */; };
		D96BB4992A57824900765EF5 /* FirebaseStorage in Frameworks */ = {isa = PBXBuildFile; productRef = D96BB4982A57824900765EF5 /* FirebaseStorage */; };
		D96BB49B2A5782B600765EF5 /* GoogleService-Info.plist in Resources */ = {isa = PBXBuildFile; fileRef = D96BB49A2A5782B600765EF5 /* GoogleService-Info.plist */; };
		D96BB49D2A5789AA00765EF5 /* FirebaseHelper.swift in Sources */ = {isa = PBXBuildFile; fileRef = D96BB49C2A5789AA00765EF5 /* FirebaseHelper.swift */; };
		D998935D2A8BF40E00042C22 /* SearchGenreTableViewCell.swift in Sources */ = {isa = PBXBuildFile; fileRef = D998935C2A8BF40E00042C22 /* SearchGenreTableViewCell.swift */; };
		D998935F2A8C092400042C22 /* GenreStoriesView.swift in Sources */ = {isa = PBXBuildFile; fileRef = D998935E2A8C092400042C22 /* GenreStoriesView.swift */; };
		D99893612A8C094F00042C22 /* Genre.swift in Sources */ = {isa = PBXBuildFile; fileRef = D99893602A8C094F00042C22 /* Genre.swift */; };
		D9C09BF22A575413008FAEA7 /* RootView.swift in Sources */ = {isa = PBXBuildFile; fileRef = D9C09BF12A575413008FAEA7 /* RootView.swift */; };
		D9C09BF42A5756B1008FAEA7 /* SignUpView.swift in Sources */ = {isa = PBXBuildFile; fileRef = D9C09BF32A5756B1008FAEA7 /* SignUpView.swift */; };
		D9E0AA642A52901E00841B0F /* SpeechRecognizer.swift in Sources */ = {isa = PBXBuildFile; fileRef = D9E0AA632A52901E00841B0F /* SpeechRecognizer.swift */; };
		D9E0AA672A561F2D00841B0F /* OpenAISwift in Frameworks */ = {isa = PBXBuildFile; productRef = D9E0AA662A561F2D00841B0F /* OpenAISwift */; };
		D9E0AA692A561F9400841B0F /* SensitiveInformation.swift in Sources */ = {isa = PBXBuildFile; fileRef = D9E0AA682A561F9400841B0F /* SensitiveInformation.swift */; };
		D9E0AA712A56569D00841B0F /* HomeView.swift in Sources */ = {isa = PBXBuildFile; fileRef = D9E0AA702A56569D00841B0F /* HomeView.swift */; };
		D9E0AA732A5658D300841B0F /* LoginView.swift in Sources */ = {isa = PBXBuildFile; fileRef = D9E0AA722A5658D300841B0F /* LoginView.swift */; };
		D9E0AA752A56694D00841B0F /* PositioningHelper.swift in Sources */ = {isa = PBXBuildFile; fileRef = D9E0AA742A56694D00841B0F /* PositioningHelper.swift */; };
		D9EBEFA22A99609500673C0F /* BeginMoonGlowingAnimation.swift in Sources */ = {isa = PBXBuildFile; fileRef = D9EBEFA12A99609500673C0F /* BeginMoonGlowingAnimation.swift */; };
		D9EBEFA82A99786700673C0F /* EndMoonGlowingAnimation.swift in Sources */ = {isa = PBXBuildFile; fileRef = D9EBEFA72A99786700673C0F /* EndMoonGlowingAnimation.swift */; };
		D9EBEFAA2A99948200673C0F /* MoonPopUpAnimation.swift in Sources */ = {isa = PBXBuildFile; fileRef = D9EBEFA92A99948200673C0F /* MoonPopUpAnimation.swift */; };
/* End PBXBuildFile section */

/* Begin PBXFileReference section */
		D9005A3D2A959F4000D3D45A /* LoadingCircleAnimation.swift */ = {isa = PBXFileReference; lastKnownFileType = sourcecode.swift; path = LoadingCircleAnimation.swift; sourceTree = "<group>"; };
		D9005A412A968DEF00D3D45A /* CustomTabBarView.swift */ = {isa = PBXFileReference; lastKnownFileType = sourcecode.swift; path = CustomTabBarView.swift; sourceTree = "<group>"; };
		D9005A432A96E8DD00D3D45A /* FlowLayout.swift */ = {isa = PBXFileReference; lastKnownFileType = sourcecode.swift; path = FlowLayout.swift; sourceTree = "<group>"; };
		D9005A492A9948EC00D3D45A /* TutorialView.swift */ = {isa = PBXFileReference; lastKnownFileType = sourcecode.swift; path = TutorialView.swift; sourceTree = "<group>"; };
		D9005A4B2A995C8600D3D45A /* MoonPresentingAnimation.swift */ = {isa = PBXFileReference; lastKnownFileType = sourcecode.swift; path = MoonPresentingAnimation.swift; sourceTree = "<group>"; };
		D94185632A5251E8001CAEC1 /* Storyteller.app */ = {isa = PBXFileReference; explicitFileType = wrapper.application; includeInIndex = 0; path = Storyteller.app; sourceTree = BUILT_PRODUCTS_DIR; };
		D94185662A5251E8001CAEC1 /* StorytellerApp.swift */ = {isa = PBXFileReference; lastKnownFileType = sourcecode.swift; path = StorytellerApp.swift; sourceTree = "<group>"; };
		D941856A2A5251E9001CAEC1 /* Assets.xcassets */ = {isa = PBXFileReference; lastKnownFileType = folder.assetcatalog; path = Assets.xcassets; sourceTree = "<group>"; };
		D941856D2A5251E9001CAEC1 /* Preview Assets.xcassets */ = {isa = PBXFileReference; lastKnownFileType = folder.assetcatalog; path = "Preview Assets.xcassets"; sourceTree = "<group>"; };
		D94185722A5251E9001CAEC1 /* Storyteller.xcdatamodel */ = {isa = PBXFileReference; lastKnownFileType = wrapper.xcdatamodel; path = Storyteller.xcdatamodel; sourceTree = "<group>"; };
		D94564AD2A579B2C006C83E2 /* FirstLastNameView.swift */ = {isa = PBXFileReference; lastKnownFileType = sourcecode.swift; path = FirstLastNameView.swift; sourceTree = "<group>"; };
		D94564AF2A579D44006C83E2 /* EmailPasswordView.swift */ = {isa = PBXFileReference; lastKnownFileType = sourcecode.swift; path = EmailPasswordView.swift; sourceTree = "<group>"; };
		D94564B12A57A504006C83E2 /* BirthDateGenderView.swift */ = {isa = PBXFileReference; lastKnownFileType = sourcecode.swift; path = BirthDateGenderView.swift; sourceTree = "<group>"; };
		D94564B32A57D96E006C83E2 /* UsernameView.swift */ = {isa = PBXFileReference; lastKnownFileType = sourcecode.swift; path = UsernameView.swift; sourceTree = "<group>"; };
		D94564B52A58E193006C83E2 /* TextFilteringHelper.swift */ = {isa = PBXFileReference; lastKnownFileType = sourcecode.swift; path = TextFilteringHelper.swift; sourceTree = "<group>"; };
		D94564B72A58E9A0006C83E2 /* ProfanityFilter.swift */ = {isa = PBXFileReference; lastKnownFileType = sourcecode.swift; path = ProfanityFilter.swift; sourceTree = "<group>"; };
		D94564B92A58FF9E006C83E2 /* StoryView.swift */ = {isa = PBXFileReference; lastKnownFileType = sourcecode.swift; path = StoryView.swift; sourceTree = "<group>"; };
		D94564BD2A5A1209006C83E2 /* User.swift */ = {isa = PBXFileReference; lastKnownFileType = sourcecode.swift; path = User.swift; sourceTree = "<group>"; };
		D94564BF2A5A13AE006C83E2 /* Story.swift */ = {isa = PBXFileReference; lastKnownFileType = sourcecode.swift; path = Story.swift; sourceTree = "<group>"; };
		D94564C52A6214B5006C83E2 /* CreateView.swift */ = {isa = PBXFileReference; lastKnownFileType = sourcecode.swift; path = CreateView.swift; sourceTree = "<group>"; };
		D94564C72A6224E1006C83E2 /* SettingsView.swift */ = {isa = PBXFileReference; lastKnownFileType = sourcecode.swift; path = SettingsView.swift; sourceTree = "<group>"; };
		D94564C92A622C25006C83E2 /* TabBarControllerView.swift */ = {isa = PBXFileReference; lastKnownFileType = sourcecode.swift; path = TabBarControllerView.swift; sourceTree = "<group>"; };
		D94564CB2A622D10006C83E2 /* SearchView.swift */ = {isa = PBXFileReference; lastKnownFileType = sourcecode.swift; path = SearchView.swift; sourceTree = "<group>"; };
		D94564CD2A62606E006C83E2 /* SpeakingPulseAnimation.swift */ = {isa = PBXFileReference; lastKnownFileType = sourcecode.swift; path = SpeakingPulseAnimation.swift; sourceTree = "<group>"; };
		D94564D12A634F24006C83E2 /* SpeechUtterance.swift */ = {isa = PBXFileReference; lastKnownFileType = sourcecode.swift; path = SpeechUtterance.swift; sourceTree = "<group>"; };
		D94564D32A638F5F006C83E2 /* LocalStorageHelper.swift */ = {isa = PBXFileReference; lastKnownFileType = sourcecode.swift; path = LocalStorageHelper.swift; sourceTree = "<group>"; };
		D94564D52A638FFF006C83E2 /* Constants.swift */ = {isa = PBXFileReference; lastKnownFileType = sourcecode.swift; path = Constants.swift; sourceTree = "<group>"; };
		D94564D72A6A1EB3006C83E2 /* OpenAIHelper.swift */ = {isa = PBXFileReference; lastKnownFileType = sourcecode.swift; path = OpenAIHelper.swift; sourceTree = "<group>"; };
		D94564E12A75D46D006C83E2 /* StorytellerListenerHelper.swift */ = {isa = PBXFileReference; lastKnownFileType = sourcecode.swift; path = StorytellerListenerHelper.swift; sourceTree = "<group>"; };
		D94564E32A7F4E1A006C83E2 /* ErrorHelper.swift */ = {isa = PBXFileReference; lastKnownFileType = sourcecode.swift; path = ErrorHelper.swift; sourceTree = "<group>"; };
		D94564E52A802380006C83E2 /* ErrorViewModel.swift */ = {isa = PBXFileReference; lastKnownFileType = sourcecode.swift; path = ErrorViewModel.swift; sourceTree = "<group>"; };
		D94564E72A85A881006C83E2 /* BiographyView.swift */ = {isa = PBXFileReference; lastKnownFileType = sourcecode.swift; path = BiographyView.swift; sourceTree = "<group>"; };
		D94564EC2A86E1E3006C83E2 /* StoryTableViewCell.swift */ = {isa = PBXFileReference; lastKnownFileType = sourcecode.swift; path = StoryTableViewCell.swift; sourceTree = "<group>"; };
		D94564EE2A871E58006C83E2 /* StoryDetailView.swift */ = {isa = PBXFileReference; lastKnownFileType = sourcecode.swift; path = StoryDetailView.swift; sourceTree = "<group>"; };
		D95EE6902A8D6226009A1CEB /* SplashScreenView.swift */ = {isa = PBXFileReference; lastKnownFileType = sourcecode.swift; path = SplashScreenView.swift; sourceTree = "<group>"; };
		D95EE6922A8D69C7009A1CEB /* StoryGenreViewCell.swift */ = {isa = PBXFileReference; lastKnownFileType = sourcecode.swift; path = StoryGenreViewCell.swift; sourceTree = "<group>"; };
		D960BDA02A9AF30B00A39A72 /* SpeakingStatus.swift */ = {isa = PBXFileReference; lastKnownFileType = sourcecode.swift; path = SpeakingStatus.swift; sourceTree = "<group>"; };
		D960BDA22A9EE1E100A39A72 /* CircularProgressView.swift */ = {isa = PBXFileReference; lastKnownFileType = sourcecode.swift; path = CircularProgressView.swift; sourceTree = "<group>"; };
		D966433B2A903A3B0020ECE0 /* ImagePicker.swift */ = {isa = PBXFileReference; lastKnownFileType = sourcecode.swift; path = ImagePicker.swift; sourceTree = "<group>"; };
		D966433D2A918A3C0020ECE0 /* DocumentLoadSize.swift */ = {isa = PBXFileReference; lastKnownFileType = sourcecode.swift; path = DocumentLoadSize.swift; sourceTree = "<group>"; };
		D96BB49A2A5782B600765EF5 /* GoogleService-Info.plist */ = {isa = PBXFileReference; fileEncoding = 4; lastKnownFileType = text.plist.xml; path = "GoogleService-Info.plist"; sourceTree = "<group>"; };
		D96BB49C2A5789AA00765EF5 /* FirebaseHelper.swift */ = {isa = PBXFileReference; lastKnownFileType = sourcecode.swift; path = FirebaseHelper.swift; sourceTree = "<group>"; };
		D998935C2A8BF40E00042C22 /* SearchGenreTableViewCell.swift */ = {isa = PBXFileReference; lastKnownFileType = sourcecode.swift; path = SearchGenreTableViewCell.swift; sourceTree = "<group>"; };
		D998935E2A8C092400042C22 /* GenreStoriesView.swift */ = {isa = PBXFileReference; lastKnownFileType = sourcecode.swift; path = GenreStoriesView.swift; sourceTree = "<group>"; };
		D99893602A8C094F00042C22 /* Genre.swift */ = {isa = PBXFileReference; lastKnownFileType = sourcecode.swift; path = Genre.swift; sourceTree = "<group>"; };
		D9C09BF12A575413008FAEA7 /* RootView.swift */ = {isa = PBXFileReference; lastKnownFileType = sourcecode.swift; path = RootView.swift; sourceTree = "<group>"; };
		D9C09BF32A5756B1008FAEA7 /* SignUpView.swift */ = {isa = PBXFileReference; lastKnownFileType = sourcecode.swift; path = SignUpView.swift; sourceTree = "<group>"; };
		D9E0AA632A52901E00841B0F /* SpeechRecognizer.swift */ = {isa = PBXFileReference; lastKnownFileType = sourcecode.swift; path = SpeechRecognizer.swift; sourceTree = "<group>"; };
		D9E0AA682A561F9400841B0F /* SensitiveInformation.swift */ = {isa = PBXFileReference; lastKnownFileType = sourcecode.swift; path = SensitiveInformation.swift; sourceTree = "<group>"; };
		D9E0AA702A56569D00841B0F /* HomeView.swift */ = {isa = PBXFileReference; lastKnownFileType = sourcecode.swift; path = HomeView.swift; sourceTree = "<group>"; };
		D9E0AA722A5658D300841B0F /* LoginView.swift */ = {isa = PBXFileReference; lastKnownFileType = sourcecode.swift; path = LoginView.swift; sourceTree = "<group>"; };
		D9E0AA742A56694D00841B0F /* PositioningHelper.swift */ = {isa = PBXFileReference; lastKnownFileType = sourcecode.swift; path = PositioningHelper.swift; sourceTree = "<group>"; };
		D9EBEFA12A99609500673C0F /* BeginMoonGlowingAnimation.swift */ = {isa = PBXFileReference; lastKnownFileType = sourcecode.swift; path = BeginMoonGlowingAnimation.swift; sourceTree = "<group>"; };
		D9EBEFA72A99786700673C0F /* EndMoonGlowingAnimation.swift */ = {isa = PBXFileReference; lastKnownFileType = sourcecode.swift; path = EndMoonGlowingAnimation.swift; sourceTree = "<group>"; };
		D9EBEFA92A99948200673C0F /* MoonPopUpAnimation.swift */ = {isa = PBXFileReference; lastKnownFileType = sourcecode.swift; path = MoonPopUpAnimation.swift; sourceTree = "<group>"; };
/* End PBXFileReference section */

/* Begin PBXFrameworksBuildPhase section */
		D94185602A5251E8001CAEC1 /* Frameworks */ = {
			isa = PBXFrameworksBuildPhase;
			buildActionMask = 2147483647;
			files = (
				D9E0AA672A561F2D00841B0F /* OpenAISwift in Frameworks */,
				D96BB4992A57824900765EF5 /* FirebaseStorage in Frameworks */,
				D96BB4952A57824900765EF5 /* FirebaseAuth in Frameworks */,
				D96BB4972A57824900765EF5 /* FirebaseFirestore in Frameworks */,
			);
			runOnlyForDeploymentPostprocessing = 0;
		};
/* End PBXFrameworksBuildPhase section */

/* Begin PBXGroup section */
		D9005A3C2A959F2800D3D45A /* Animations */ = {
			isa = PBXGroup;
			children = (
				D94564CD2A62606E006C83E2 /* SpeakingPulseAnimation.swift */,
				D9005A3D2A959F4000D3D45A /* LoadingCircleAnimation.swift */,
				D9005A4B2A995C8600D3D45A /* MoonPresentingAnimation.swift */,
				D9EBEFA12A99609500673C0F /* BeginMoonGlowingAnimation.swift */,
				D9EBEFA72A99786700673C0F /* EndMoonGlowingAnimation.swift */,
				D9EBEFA92A99948200673C0F /* MoonPopUpAnimation.swift */,
				D960BDA22A9EE1E100A39A72 /* CircularProgressView.swift */,
			);
			path = Animations;
			sourceTree = "<group>";
		};
		D941855A2A5251E8001CAEC1 = {
			isa = PBXGroup;
			children = (
				D94185652A5251E8001CAEC1 /* Storyteller */,
				D94185642A5251E8001CAEC1 /* Products */,
			);
			sourceTree = "<group>";
		};
		D94185642A5251E8001CAEC1 /* Products */ = {
			isa = PBXGroup;
			children = (
				D94185632A5251E8001CAEC1 /* Storyteller.app */,
			);
			name = Products;
			sourceTree = "<group>";
		};
		D94185652A5251E8001CAEC1 /* Storyteller */ = {
			isa = PBXGroup;
			children = (
				D941857D2A527C7C001CAEC1 /* Models */,
				D941857C2A527C6F001CAEC1 /* Utilities */,
				D941857B2A527C59001CAEC1 /* Views */,
				D94185662A5251E8001CAEC1 /* StorytellerApp.swift */,
				D95EE6902A8D6226009A1CEB /* SplashScreenView.swift */,
				D941856A2A5251E9001CAEC1 /* Assets.xcassets */,
				D94185712A5251E9001CAEC1 /* Storyteller.xcdatamodeld */,
				D96BB49A2A5782B600765EF5 /* GoogleService-Info.plist */,
				D941856C2A5251E9001CAEC1 /* Preview Content */,
			);
			path = Storyteller;
			sourceTree = "<group>";
		};
		D941856C2A5251E9001CAEC1 /* Preview Content */ = {
			isa = PBXGroup;
			children = (
				D941856D2A5251E9001CAEC1 /* Preview Assets.xcassets */,
			);
			path = "Preview Content";
			sourceTree = "<group>";
		};
		D941857B2A527C59001CAEC1 /* Views */ = {
			isa = PBXGroup;
			children = (
				D9E0AA6F2A56567E00841B0F /* App Views */,
				D9E0AA6E2A56565C00841B0F /* Auth Views */,
			);
			path = Views;
			sourceTree = "<group>";
		};
		D941857C2A527C6F001CAEC1 /* Utilities */ = {
			isa = PBXGroup;
			children = (
				D9E0AA632A52901E00841B0F /* SpeechRecognizer.swift */,
				D94564D12A634F24006C83E2 /* SpeechUtterance.swift */,
				D96BB49C2A5789AA00765EF5 /* FirebaseHelper.swift */,
				D9E0AA742A56694D00841B0F /* PositioningHelper.swift */,
				D94564B52A58E193006C83E2 /* TextFilteringHelper.swift */,
				D94564D32A638F5F006C83E2 /* LocalStorageHelper.swift */,
				D94564B72A58E9A0006C83E2 /* ProfanityFilter.swift */,
				D94564D52A638FFF006C83E2 /* Constants.swift */,
				D9E0AA682A561F9400841B0F /* SensitiveInformation.swift */,
				D94564D72A6A1EB3006C83E2 /* OpenAIHelper.swift */,
				D94564E12A75D46D006C83E2 /* StorytellerListenerHelper.swift */,
				D94564E32A7F4E1A006C83E2 /* ErrorHelper.swift */,
				D966433B2A903A3B0020ECE0 /* ImagePicker.swift */,
			);
			path = Utilities;
			sourceTree = "<group>";
		};
		D941857D2A527C7C001CAEC1 /* Models */ = {
			isa = PBXGroup;
			children = (
				D9005A3C2A959F2800D3D45A /* Animations */,
				D94564BC2A5A1119006C83E2 /* View Models */,
				D94564BB2A5A10B9006C83E2 /* Data Models */,
			);
			path = Models;
			sourceTree = "<group>";
		};
		D94564BB2A5A10B9006C83E2 /* Data Models */ = {
			isa = PBXGroup;
			children = (
				D94564BD2A5A1209006C83E2 /* User.swift */,
				D94564BF2A5A13AE006C83E2 /* Story.swift */,
				D99893602A8C094F00042C22 /* Genre.swift */,
				D966433D2A918A3C0020ECE0 /* DocumentLoadSize.swift */,
				D960BDA02A9AF30B00A39A72 /* SpeakingStatus.swift */,
			);
			path = "Data Models";
			sourceTree = "<group>";
		};
		D94564BC2A5A1119006C83E2 /* View Models */ = {
			isa = PBXGroup;
			children = (
				D94564AD2A579B2C006C83E2 /* FirstLastNameView.swift */,
				D94564AF2A579D44006C83E2 /* EmailPasswordView.swift */,
				D94564B12A57A504006C83E2 /* BirthDateGenderView.swift */,
				D94564B32A57D96E006C83E2 /* UsernameView.swift */,
				D94564E52A802380006C83E2 /* ErrorViewModel.swift */,
				D94564EC2A86E1E3006C83E2 /* StoryTableViewCell.swift */,
				D998935C2A8BF40E00042C22 /* SearchGenreTableViewCell.swift */,
				D95EE6922A8D69C7009A1CEB /* StoryGenreViewCell.swift */,
				D9005A412A968DEF00D3D45A /* CustomTabBarView.swift */,
				D9005A432A96E8DD00D3D45A /* FlowLayout.swift */,
			);
			path = "View Models";
			sourceTree = "<group>";
		};
		D9E0AA6E2A56565C00841B0F /* Auth Views */ = {
			isa = PBXGroup;
			children = (
				D9E0AA702A56569D00841B0F /* HomeView.swift */,
				D9E0AA722A5658D300841B0F /* LoginView.swift */,
				D9C09BF12A575413008FAEA7 /* RootView.swift */,
				D9C09BF32A5756B1008FAEA7 /* SignUpView.swift */,
				D9005A492A9948EC00D3D45A /* TutorialView.swift */,
			);
			path = "Auth Views";
			sourceTree = "<group>";
		};
		D9E0AA6F2A56567E00841B0F /* App Views */ = {
			isa = PBXGroup;
			children = (
				D94564B92A58FF9E006C83E2 /* StoryView.swift */,
				D94564C52A6214B5006C83E2 /* CreateView.swift */,
				D94564C72A6224E1006C83E2 /* SettingsView.swift */,
				D94564C92A622C25006C83E2 /* TabBarControllerView.swift */,
				D94564CB2A622D10006C83E2 /* SearchView.swift */,
				D94564E72A85A881006C83E2 /* BiographyView.swift */,
				D94564EE2A871E58006C83E2 /* StoryDetailView.swift */,
				D998935E2A8C092400042C22 /* GenreStoriesView.swift */,
			);
			path = "App Views";
			sourceTree = "<group>";
		};
/* End PBXGroup section */

/* Begin PBXNativeTarget section */
		D94185622A5251E8001CAEC1 /* Storyteller */ = {
			isa = PBXNativeTarget;
			buildConfigurationList = D94185762A5251E9001CAEC1 /* Build configuration list for PBXNativeTarget "Storyteller" */;
			buildPhases = (
				D941855F2A5251E8001CAEC1 /* Sources */,
				D94185602A5251E8001CAEC1 /* Frameworks */,
				D94185612A5251E8001CAEC1 /* Resources */,
			);
			buildRules = (
			);
			dependencies = (
			);
			name = Storyteller;
			packageProductDependencies = (
				D9E0AA662A561F2D00841B0F /* OpenAISwift */,
				D96BB4942A57824900765EF5 /* FirebaseAuth */,
				D96BB4962A57824900765EF5 /* FirebaseFirestore */,
				D96BB4982A57824900765EF5 /* FirebaseStorage */,
			);
			productName = Storyteller;
			productReference = D94185632A5251E8001CAEC1 /* Storyteller.app */;
			productType = "com.apple.product-type.application";
		};
/* End PBXNativeTarget section */

/* Begin PBXProject section */
		D941855B2A5251E8001CAEC1 /* Project object */ = {
			isa = PBXProject;
			attributes = {
				BuildIndependentTargetsInParallel = 1;
				LastSwiftUpdateCheck = 1430;
				LastUpgradeCheck = 1430;
				TargetAttributes = {
					D94185622A5251E8001CAEC1 = {
						CreatedOnToolsVersion = 14.3.1;
					};
				};
			};
			buildConfigurationList = D941855E2A5251E8001CAEC1 /* Build configuration list for PBXProject "Storyteller" */;
			compatibilityVersion = "Xcode 14.0";
			developmentRegion = en;
			hasScannedForEncodings = 0;
			knownRegions = (
				en,
				Base,
			);
			mainGroup = D941855A2A5251E8001CAEC1;
			packageReferences = (
				D9E0AA652A561F2D00841B0F /* XCRemoteSwiftPackageReference "OpenAISwift" */,
				D96BB4932A57824900765EF5 /* XCRemoteSwiftPackageReference "firebase-ios-sdk" */,
			);
			productRefGroup = D94185642A5251E8001CAEC1 /* Products */;
			projectDirPath = "";
			projectRoot = "";
			targets = (
				D94185622A5251E8001CAEC1 /* Storyteller */,
			);
		};
/* End PBXProject section */

/* Begin PBXResourcesBuildPhase section */
		D94185612A5251E8001CAEC1 /* Resources */ = {
			isa = PBXResourcesBuildPhase;
			buildActionMask = 2147483647;
			files = (
				D96BB49B2A5782B600765EF5 /* GoogleService-Info.plist in Resources */,
				D941856E2A5251E9001CAEC1 /* Preview Assets.xcassets in Resources */,
				D941856B2A5251E9001CAEC1 /* Assets.xcassets in Resources */,
			);
			runOnlyForDeploymentPostprocessing = 0;
		};
/* End PBXResourcesBuildPhase section */

/* Begin PBXSourcesBuildPhase section */
		D941855F2A5251E8001CAEC1 /* Sources */ = {
			isa = PBXSourcesBuildPhase;
			buildActionMask = 2147483647;
			files = (
				D94564B02A579D44006C83E2 /* EmailPasswordView.swift in Sources */,
				D9E0AA642A52901E00841B0F /* SpeechRecognizer.swift in Sources */,
				D966433C2A903A3B0020ECE0 /* ImagePicker.swift in Sources */,
				D94564B22A57A504006C83E2 /* BirthDateGenderView.swift in Sources */,
				D94185732A5251E9001CAEC1 /* Storyteller.xcdatamodeld in Sources */,
				D94564D62A638FFF006C83E2 /* Constants.swift in Sources */,
				D9E0AA712A56569D00841B0F /* HomeView.swift in Sources */,
				D960BDA32A9EE1E100A39A72 /* CircularProgressView.swift in Sources */,
				D95EE6912A8D6226009A1CEB /* SplashScreenView.swift in Sources */,
				D9C09BF42A5756B1008FAEA7 /* SignUpView.swift in Sources */,
				D94564BE2A5A1209006C83E2 /* User.swift in Sources */,
				D99893612A8C094F00042C22 /* Genre.swift in Sources */,
				D9EBEFAA2A99948200673C0F /* MoonPopUpAnimation.swift in Sources */,
				D94564E62A802380006C83E2 /* ErrorViewModel.swift in Sources */,
				D94564D42A638F5F006C83E2 /* LocalStorageHelper.swift in Sources */,
				D94564ED2A86E1E3006C83E2 /* StoryTableViewCell.swift in Sources */,
				D9EBEFA82A99786700673C0F /* EndMoonGlowingAnimation.swift in Sources */,
				D94564C62A6214B5006C83E2 /* CreateView.swift in Sources */,
				D94564B42A57D96E006C83E2 /* UsernameView.swift in Sources */,
				D94564D82A6A1EB3006C83E2 /* OpenAIHelper.swift in Sources */,
				D94185672A5251E8001CAEC1 /* StorytellerApp.swift in Sources */,
				D94564BA2A58FF9E006C83E2 /* StoryView.swift in Sources */,
				D96BB49D2A5789AA00765EF5 /* FirebaseHelper.swift in Sources */,
				D94564C82A6224E1006C83E2 /* SettingsView.swift in Sources */,
				D9C09BF22A575413008FAEA7 /* RootView.swift in Sources */,
				D966433E2A918A3C0020ECE0 /* DocumentLoadSize.swift in Sources */,
				D94564E42A7F4E1A006C83E2 /* ErrorHelper.swift in Sources */,
				D94564C02A5A13AE006C83E2 /* Story.swift in Sources */,
				D94564CA2A622C25006C83E2 /* TabBarControllerView.swift in Sources */,
				D9005A422A968DEF00D3D45A /* CustomTabBarView.swift in Sources */,
				D998935D2A8BF40E00042C22 /* SearchGenreTableViewCell.swift in Sources */,
				D94564CC2A622D10006C83E2 /* SearchView.swift in Sources */,
				D9005A442A96E8DD00D3D45A /* FlowLayout.swift in Sources */,
				D998935F2A8C092400042C22 /* GenreStoriesView.swift in Sources */,
				D9005A3E2A959F4000D3D45A /* LoadingCircleAnimation.swift in Sources */,
				D9E0AA752A56694D00841B0F /* PositioningHelper.swift in Sources */,
				D960BDA12A9AF30B00A39A72 /* SpeakingStatus.swift in Sources */,
				D94564B62A58E193006C83E2 /* TextFilteringHelper.swift in Sources */,
				D9EBEFA22A99609500673C0F /* BeginMoonGlowingAnimation.swift in Sources */,
				D94564EF2A871E58006C83E2 /* StoryDetailView.swift in Sources */,
				D94564CE2A62606E006C83E2 /* SpeakingPulseAnimation.swift in Sources */,
				D94564AE2A579B2C006C83E2 /* FirstLastNameView.swift in Sources */,
				D9E0AA732A5658D300841B0F /* LoginView.swift in Sources */,
				D9005A4C2A995C8600D3D45A /* MoonPresentingAnimation.swift in Sources */,
				D94564E82A85A881006C83E2 /* BiographyView.swift in Sources */,
				D94564D22A634F24006C83E2 /* SpeechUtterance.swift in Sources */,
				D94564E22A75D46D006C83E2 /* StorytellerListenerHelper.swift in Sources */,
				D9005A4A2A9948EC00D3D45A /* TutorialView.swift in Sources */,
				D95EE6932A8D69C7009A1CEB /* StoryGenreViewCell.swift in Sources */,
				D94564B82A58E9A0006C83E2 /* ProfanityFilter.swift in Sources */,
				D9E0AA692A561F9400841B0F /* SensitiveInformation.swift in Sources */,
			);
			runOnlyForDeploymentPostprocessing = 0;
		};
/* End PBXSourcesBuildPhase section */

/* Begin XCBuildConfiguration section */
		D94185742A5251E9001CAEC1 /* Debug */ = {
			isa = XCBuildConfiguration;
			buildSettings = {
				ALWAYS_SEARCH_USER_PATHS = NO;
				CLANG_ANALYZER_NONNULL = YES;
				CLANG_ANALYZER_NUMBER_OBJECT_CONVERSION = YES_AGGRESSIVE;
				CLANG_CXX_LANGUAGE_STANDARD = "gnu++20";
				CLANG_ENABLE_MODULES = YES;
				CLANG_ENABLE_OBJC_ARC = YES;
				CLANG_ENABLE_OBJC_WEAK = YES;
				CLANG_WARN_BLOCK_CAPTURE_AUTORELEASING = YES;
				CLANG_WARN_BOOL_CONVERSION = YES;
				CLANG_WARN_COMMA = YES;
				CLANG_WARN_CONSTANT_CONVERSION = YES;
				CLANG_WARN_DEPRECATED_OBJC_IMPLEMENTATIONS = YES;
				CLANG_WARN_DIRECT_OBJC_ISA_USAGE = YES_ERROR;
				CLANG_WARN_DOCUMENTATION_COMMENTS = YES;
				CLANG_WARN_EMPTY_BODY = YES;
				CLANG_WARN_ENUM_CONVERSION = YES;
				CLANG_WARN_INFINITE_RECURSION = YES;
				CLANG_WARN_INT_CONVERSION = YES;
				CLANG_WARN_NON_LITERAL_NULL_CONVERSION = YES;
				CLANG_WARN_OBJC_IMPLICIT_RETAIN_SELF = YES;
				CLANG_WARN_OBJC_LITERAL_CONVERSION = YES;
				CLANG_WARN_OBJC_ROOT_CLASS = YES_ERROR;
				CLANG_WARN_QUOTED_INCLUDE_IN_FRAMEWORK_HEADER = YES;
				CLANG_WARN_RANGE_LOOP_ANALYSIS = YES;
				CLANG_WARN_STRICT_PROTOTYPES = YES;
				CLANG_WARN_SUSPICIOUS_MOVE = YES;
				CLANG_WARN_UNGUARDED_AVAILABILITY = YES_AGGRESSIVE;
				CLANG_WARN_UNREACHABLE_CODE = YES;
				CLANG_WARN__DUPLICATE_METHOD_MATCH = YES;
				COPY_PHASE_STRIP = NO;
				DEBUG_INFORMATION_FORMAT = dwarf;
				ENABLE_STRICT_OBJC_MSGSEND = YES;
				ENABLE_TESTABILITY = YES;
				GCC_C_LANGUAGE_STANDARD = gnu11;
				GCC_DYNAMIC_NO_PIC = NO;
				GCC_NO_COMMON_BLOCKS = YES;
				GCC_OPTIMIZATION_LEVEL = 0;
				GCC_PREPROCESSOR_DEFINITIONS = (
					"DEBUG=1",
					"$(inherited)",
				);
				GCC_WARN_64_TO_32_BIT_CONVERSION = YES;
				GCC_WARN_ABOUT_RETURN_TYPE = YES_ERROR;
				GCC_WARN_UNDECLARED_SELECTOR = YES;
				GCC_WARN_UNINITIALIZED_AUTOS = YES_AGGRESSIVE;
				GCC_WARN_UNUSED_FUNCTION = YES;
				GCC_WARN_UNUSED_VARIABLE = YES;
				IPHONEOS_DEPLOYMENT_TARGET = 16.4;
				MTL_ENABLE_DEBUG_INFO = INCLUDE_SOURCE;
				MTL_FAST_MATH = YES;
				ONLY_ACTIVE_ARCH = YES;
				SDKROOT = iphoneos;
				SWIFT_ACTIVE_COMPILATION_CONDITIONS = DEBUG;
				SWIFT_OPTIMIZATION_LEVEL = "-Onone";
			};
			name = Debug;
		};
		D94185752A5251E9001CAEC1 /* Release */ = {
			isa = XCBuildConfiguration;
			buildSettings = {
				ALWAYS_SEARCH_USER_PATHS = NO;
				CLANG_ANALYZER_NONNULL = YES;
				CLANG_ANALYZER_NUMBER_OBJECT_CONVERSION = YES_AGGRESSIVE;
				CLANG_CXX_LANGUAGE_STANDARD = "gnu++20";
				CLANG_ENABLE_MODULES = YES;
				CLANG_ENABLE_OBJC_ARC = YES;
				CLANG_ENABLE_OBJC_WEAK = YES;
				CLANG_WARN_BLOCK_CAPTURE_AUTORELEASING = YES;
				CLANG_WARN_BOOL_CONVERSION = YES;
				CLANG_WARN_COMMA = YES;
				CLANG_WARN_CONSTANT_CONVERSION = YES;
				CLANG_WARN_DEPRECATED_OBJC_IMPLEMENTATIONS = YES;
				CLANG_WARN_DIRECT_OBJC_ISA_USAGE = YES_ERROR;
				CLANG_WARN_DOCUMENTATION_COMMENTS = YES;
				CLANG_WARN_EMPTY_BODY = YES;
				CLANG_WARN_ENUM_CONVERSION = YES;
				CLANG_WARN_INFINITE_RECURSION = YES;
				CLANG_WARN_INT_CONVERSION = YES;
				CLANG_WARN_NON_LITERAL_NULL_CONVERSION = YES;
				CLANG_WARN_OBJC_IMPLICIT_RETAIN_SELF = YES;
				CLANG_WARN_OBJC_LITERAL_CONVERSION = YES;
				CLANG_WARN_OBJC_ROOT_CLASS = YES_ERROR;
				CLANG_WARN_QUOTED_INCLUDE_IN_FRAMEWORK_HEADER = YES;
				CLANG_WARN_RANGE_LOOP_ANALYSIS = YES;
				CLANG_WARN_STRICT_PROTOTYPES = YES;
				CLANG_WARN_SUSPICIOUS_MOVE = YES;
				CLANG_WARN_UNGUARDED_AVAILABILITY = YES_AGGRESSIVE;
				CLANG_WARN_UNREACHABLE_CODE = YES;
				CLANG_WARN__DUPLICATE_METHOD_MATCH = YES;
				COPY_PHASE_STRIP = NO;
				DEBUG_INFORMATION_FORMAT = "dwarf-with-dsym";
				ENABLE_NS_ASSERTIONS = NO;
				ENABLE_STRICT_OBJC_MSGSEND = YES;
				GCC_C_LANGUAGE_STANDARD = gnu11;
				GCC_NO_COMMON_BLOCKS = YES;
				GCC_WARN_64_TO_32_BIT_CONVERSION = YES;
				GCC_WARN_ABOUT_RETURN_TYPE = YES_ERROR;
				GCC_WARN_UNDECLARED_SELECTOR = YES;
				GCC_WARN_UNINITIALIZED_AUTOS = YES_AGGRESSIVE;
				GCC_WARN_UNUSED_FUNCTION = YES;
				GCC_WARN_UNUSED_VARIABLE = YES;
				IPHONEOS_DEPLOYMENT_TARGET = 16.4;
				MTL_ENABLE_DEBUG_INFO = NO;
				MTL_FAST_MATH = YES;
				SDKROOT = iphoneos;
				SWIFT_COMPILATION_MODE = wholemodule;
				SWIFT_OPTIMIZATION_LEVEL = "-O";
				VALIDATE_PRODUCT = YES;
			};
			name = Release;
		};
		D94185772A5251E9001CAEC1 /* Debug */ = {
			isa = XCBuildConfiguration;
			buildSettings = {
				ASSETCATALOG_COMPILER_APPICON_NAME = AppIcon;
				ASSETCATALOG_COMPILER_GLOBAL_ACCENT_COLOR_NAME = AccentColor;
				CODE_SIGN_STYLE = Automatic;
				CURRENT_PROJECT_VERSION = 1;
				DEVELOPMENT_ASSET_PATHS = "\"Storyteller/Preview Content\"";
				DEVELOPMENT_TEAM = S26A5S44SV;
				ENABLE_PREVIEWS = YES;
				GENERATE_INFOPLIST_FILE = YES;
				INFOPLIST_KEY_NSMicrophoneUsageDescription = "\"Microphone speech is necessary to interact with Storyteller and is required for appropriate usage of the app.\"";
				INFOPLIST_KEY_NSSpeechRecognitionUsageDescription = "\"Speech recognition is necessary to interact with Storyteller and is required for appropriate usage of the app.\"";
				INFOPLIST_KEY_UIApplicationSceneManifest_Generation = YES;
				INFOPLIST_KEY_UIApplicationSupportsIndirectInputEvents = YES;
				INFOPLIST_KEY_UILaunchScreen_Generation = YES;
				INFOPLIST_KEY_UISupportedInterfaceOrientations = UIInterfaceOrientationPortrait;
				INFOPLIST_KEY_UISupportedInterfaceOrientations_iPad = "UIInterfaceOrientationLandscapeLeft UIInterfaceOrientationLandscapeRight UIInterfaceOrientationPortrait UIInterfaceOrientationPortraitUpsideDown";
				INFOPLIST_KEY_UIUserInterfaceStyle = Light;
				LD_RUNPATH_SEARCH_PATHS = (
					"$(inherited)",
					"@executable_path/Frameworks",
				);
				MARKETING_VERSION = 1.0;
				PRODUCT_BUNDLE_IDENTIFIER = com.sasharobinson.Storyteller;
				PRODUCT_NAME = "$(TARGET_NAME)";
				SWIFT_EMIT_LOC_STRINGS = YES;
				SWIFT_VERSION = 5.0;
				TARGETED_DEVICE_FAMILY = "1,2";
			};
			name = Debug;
		};
		D94185782A5251E9001CAEC1 /* Release */ = {
			isa = XCBuildConfiguration;
			buildSettings = {
				ASSETCATALOG_COMPILER_APPICON_NAME = AppIcon;
				ASSETCATALOG_COMPILER_GLOBAL_ACCENT_COLOR_NAME = AccentColor;
				CODE_SIGN_STYLE = Automatic;
				CURRENT_PROJECT_VERSION = 1;
				DEVELOPMENT_ASSET_PATHS = "\"Storyteller/Preview Content\"";
				DEVELOPMENT_TEAM = S26A5S44SV;
				ENABLE_PREVIEWS = YES;
				GENERATE_INFOPLIST_FILE = YES;
				INFOPLIST_KEY_NSMicrophoneUsageDescription = "\"Microphone speech is necessary to interact with Storyteller and is required for appropriate usage of the app.\"";
				INFOPLIST_KEY_NSSpeechRecognitionUsageDescription = "\"Speech recognition is necessary to interact with Storyteller and is required for appropriate usage of the app.\"";
				INFOPLIST_KEY_UIApplicationSceneManifest_Generation = YES;
				INFOPLIST_KEY_UIApplicationSupportsIndirectInputEvents = YES;
				INFOPLIST_KEY_UILaunchScreen_Generation = YES;
				INFOPLIST_KEY_UISupportedInterfaceOrientations = UIInterfaceOrientationPortrait;
				INFOPLIST_KEY_UISupportedInterfaceOrientations_iPad = "UIInterfaceOrientationLandscapeLeft UIInterfaceOrientationLandscapeRight UIInterfaceOrientationPortrait UIInterfaceOrientationPortraitUpsideDown";
				INFOPLIST_KEY_UIUserInterfaceStyle = Light;
				LD_RUNPATH_SEARCH_PATHS = (
					"$(inherited)",
					"@executable_path/Frameworks",
				);
				MARKETING_VERSION = 1.0;
				PRODUCT_BUNDLE_IDENTIFIER = com.sasharobinson.Storyteller;
				PRODUCT_NAME = "$(TARGET_NAME)";
				SWIFT_EMIT_LOC_STRINGS = YES;
				SWIFT_VERSION = 5.0;
				TARGETED_DEVICE_FAMILY = "1,2";
			};
			name = Release;
		};
/* End XCBuildConfiguration section */

/* Begin XCConfigurationList section */
		D941855E2A5251E8001CAEC1 /* Build configuration list for PBXProject "Storyteller" */ = {
			isa = XCConfigurationList;
			buildConfigurations = (
				D94185742A5251E9001CAEC1 /* Debug */,
				D94185752A5251E9001CAEC1 /* Release */,
			);
			defaultConfigurationIsVisible = 0;
			defaultConfigurationName = Release;
		};
		D94185762A5251E9001CAEC1 /* Build configuration list for PBXNativeTarget "Storyteller" */ = {
			isa = XCConfigurationList;
			buildConfigurations = (
				D94185772A5251E9001CAEC1 /* Debug */,
				D94185782A5251E9001CAEC1 /* Release */,
			);
			defaultConfigurationIsVisible = 0;
			defaultConfigurationName = Release;
		};
/* End XCConfigurationList section */

/* Begin XCRemoteSwiftPackageReference section */
		D96BB4932A57824900765EF5 /* XCRemoteSwiftPackageReference "firebase-ios-sdk" */ = {
			isa = XCRemoteSwiftPackageReference;
			repositoryURL = "https://github.com/firebase/firebase-ios-sdk.git";
			requirement = {
				kind = upToNextMajorVersion;
				minimumVersion = 10.0.0;
			};
		};
		D9E0AA652A561F2D00841B0F /* XCRemoteSwiftPackageReference "OpenAISwift" */ = {
			isa = XCRemoteSwiftPackageReference;
			repositoryURL = "https://github.com/adamrushy/OpenAISwift";
			requirement = {
				kind = upToNextMajorVersion;
				minimumVersion = 1.0.0;
			};
		};
/* End XCRemoteSwiftPackageReference section */

/* Begin XCSwiftPackageProductDependency section */
		D96BB4942A57824900765EF5 /* FirebaseAuth */ = {
			isa = XCSwiftPackageProductDependency;
			package = D96BB4932A57824900765EF5 /* XCRemoteSwiftPackageReference "firebase-ios-sdk" */;
			productName = FirebaseAuth;
		};
		D96BB4962A57824900765EF5 /* FirebaseFirestore */ = {
			isa = XCSwiftPackageProductDependency;
			package = D96BB4932A57824900765EF5 /* XCRemoteSwiftPackageReference "firebase-ios-sdk" */;
			productName = FirebaseFirestore;
		};
		D96BB4982A57824900765EF5 /* FirebaseStorage */ = {
			isa = XCSwiftPackageProductDependency;
			package = D96BB4932A57824900765EF5 /* XCRemoteSwiftPackageReference "firebase-ios-sdk" */;
			productName = FirebaseStorage;
		};
		D9E0AA662A561F2D00841B0F /* OpenAISwift */ = {
			isa = XCSwiftPackageProductDependency;
			package = D9E0AA652A561F2D00841B0F /* XCRemoteSwiftPackageReference "OpenAISwift" */;
			productName = OpenAISwift;
		};
/* End XCSwiftPackageProductDependency section */

/* Begin XCVersionGroup section */
		D94185712A5251E9001CAEC1 /* Storyteller.xcdatamodeld */ = {
			isa = XCVersionGroup;
			children = (
				D94185722A5251E9001CAEC1 /* Storyteller.xcdatamodel */,
			);
			currentVersion = D94185722A5251E9001CAEC1 /* Storyteller.xcdatamodel */;
			path = Storyteller.xcdatamodeld;
			sourceTree = "<group>";
			versionGroupType = wrapper.xcdatamodel;
		};
/* End XCVersionGroup section */
	};
	rootObject = D941855B2A5251E8001CAEC1 /* Project object */;
}
